
Microsoft Visual Studio Solution File, Format Version 12.00
# Visual Studio Version 17
VisualStudioVersion = 17.9.34701.34
MinimumVisualStudioVersion = 10.0.40219.1
Project("{2150E333-8FDC-42A3-9474-1A3956D46DE8}") = "API", "API", "{D3188D27-22AD-4116-9A0B-FDF6FA97957E}"
EndProject
Project("{2150E333-8FDC-42A3-9474-1A3956D46DE8}") = "Infrastructure", "Infrastructure", "{9BFB9D40-C325-4C91-94E4-D8ABAE43A3C9}"
EndProject
Project("{9A19103F-16F7-4668-BE54-9A1E7A4F7556}") = "MyProjectDAL", "MyProjectDAL\MyProjectDAL.csproj", "{F47231D7-5134-4E3E-AE07-3EA12E4E3E63}"
EndProject
Project("{9A19103F-16F7-4668-BE54-9A1E7A4F7556}") = "MyProjectAPI", "MyProjectAPI\MyProjectAPI.csproj", "{2F3C1505-8F64-4462-9A86-A68656BFB46E}"
EndProject
Project("{2150E333-8FDC-42A3-9474-1A3956D46DE8}") = "Core", "Core", "{ED6AEAB7-BEFA-4D96-836C-94632BD2C3FB}"
EndProject
Project("{FAE04EC0-301F-11D3-BF4B-00C04F79EFBC}") = "MyProjectDomain", "MyProjectDomain\MyProjectDomain.csproj", "{C4428029-C1CB-4458-8F31-99584413B2FF}"
EndProject
Project("{FAE04EC0-301F-11D3-BF4B-00C04F79EFBC}") = "MyProjectApplication", "MyProjectApplication\MyProjectApplication.csproj", "{FA4018E0-A6AF-43ED-BA6E-FF2C42E7E453}"
EndProject
Global
	GlobalSection(SolutionConfigurationPlatforms) = preSolution
		Debug|Any CPU = Debug|Any CPU
		Release|Any CPU = Release|Any CPU
	EndGlobalSection
	GlobalSection(ProjectConfigurationPlatforms) = postSolution
		{F47231D7-5134-4E3E-AE07-3EA12E4E3E63}.Debug|Any CPU.ActiveCfg = Debug|Any CPU
		{F47231D7-5134-4E3E-AE07-3EA12E4E3E63}.Debug|Any CPU.Build.0 = Debug|Any CPU
		{F47231D7-5134-4E3E-AE07-3EA12E4E3E63}.Release|Any CPU.ActiveCfg = Release|Any CPU
		{F47231D7-5134-4E3E-AE07-3EA12E4E3E63}.Release|Any CPU.Build.0 = Release|Any CPU
		{2F3C1505-8F64-4462-9A86-A68656BFB46E}.Debug|Any CPU.ActiveCfg = Debug|Any CPU
		{2F3C1505-8F64-4462-9A86-A68656BFB46E}.Debug|Any CPU.Build.0 = Debug|Any CPU
		{2F3C1505-8F64-4462-9A86-A68656BFB46E}.Release|Any CPU.ActiveCfg = Release|Any CPU
		{2F3C1505-8F64-4462-9A86-A68656BFB46E}.Release|Any CPU.Build.0 = Release|Any CPU
		{C4428029-C1CB-4458-8F31-99584413B2FF}.Debug|Any CPU.ActiveCfg = Debug|Any CPU
		{C4428029-C1CB-4458-8F31-99584413B2FF}.Debug|Any CPU.Build.0 = Debug|Any CPU
		{C4428029-C1CB-4458-8F31-99584413B2FF}.Release|Any CPU.ActiveCfg = Release|Any CPU
		{C4428029-C1CB-4458-8F31-99584413B2FF}.Release|Any CPU.Build.0 = Release|Any CPU
		{FA4018E0-A6AF-43ED-BA6E-FF2C42E7E453}.Debug|Any CPU.ActiveCfg = Debug|Any CPU
		{FA4018E0-A6AF-43ED-BA6E-FF2C42E7E453}.Debug|Any CPU.Build.0 = Debug|Any CPU
		{FA4018E0-A6AF-43ED-BA6E-FF2C42E7E453}.Release|Any CPU.ActiveCfg = Release|Any CPU
		{FA4018E0-A6AF-43ED-BA6E-FF2C42E7E453}.Release|Any CPU.Build.0 = Release|Any CPU
	EndGlobalSection
	GlobalSection(SolutionProperties) = preSolution
		HideSolutionNode = FALSE
	EndGlobalSection
	GlobalSection(NestedProjects) = preSolution
		{F47231D7-5134-4E3E-AE07-3EA12E4E3E63} = {9BFB9D40-C325-4C91-94E4-D8ABAE43A3C9}
		{2F3C1505-8F64-4462-9A86-A68656BFB46E} = {D3188D27-22AD-4116-9A0B-FDF6FA97957E}
		{C4428029-C1CB-4458-8F31-99584413B2FF} = {ED6AEAB7-BEFA-4D96-836C-94632BD2C3FB}
		{FA4018E0-A6AF-43ED-BA6E-FF2C42E7E453} = {ED6AEAB7-BEFA-4D96-836C-94632BD2C3FB}
	EndGlobalSection
	GlobalSection(ExtensibilityGlobals) = postSolution
		SolutionGuid = {9C0C8205-53A2-4D6A-932B-B24922AC2B83}
	EndGlobalSection
EndGlobal
